{
  "nodes": {
    "base16": {
      "inputs": {
        "fromYaml": "fromYaml"
      },
      "locked": {
        "lastModified": 1755819240,
        "narHash": "sha256-qcMhnL7aGAuFuutH4rq9fvAhCpJWVHLcHVZLtPctPlo=",
        "owner": "SenchoPens",
        "repo": "base16.nix",
        "rev": "75ed5e5e3fce37df22e49125181fa37899c3ccd6",
        "type": "github"
      },
      "original": {
        "owner": "SenchoPens",
        "repo": "base16.nix",
        "type": "github"
      }
    },
    "base16-fish": {
      "flake": false,
      "locked": {
        "lastModified": 1765809053,
        "narHash": "sha256-XCUQLoLfBJ8saWms2HCIj4NEN+xNsWBlU1NrEPcQG4s=",
        "owner": "tomyun",
        "repo": "base16-fish",
        "rev": "86cbea4dca62e08fb7fd83a70e96472f92574782",
        "type": "github"
      },
      "original": {
        "owner": "tomyun",
        "repo": "base16-fish",
        "rev": "86cbea4dca62e08fb7fd83a70e96472f92574782",
        "type": "github"
      }
    },
    "base16-helix": {
      "flake": false,
      "locked": {
        "lastModified": 1776754714,
        "narHash": "sha256-E3OAK27smtATTmX45uoTSRsVD+Y+ZiVVfgM/tjpbtYg=",
        "owner": "tinted-theming",
        "repo": "base16-helix",
        "rev": "4d508123037e7851ad36ebf7d9c48b0e9e1eb581",
        "type": "github"
      },
      "original": {
        "owner": "tinted-theming",
        "repo": "base16-helix",
        "type": "github"
      }
    },
    "base16-vim": {
      "flake": false,
      "locked": {
        "lastModified": 1732806396,
        "narHash": "sha256-e0bpPySdJf0F68Ndanwm+KWHgQiZ0s7liLhvJSWDNsA=",
        "owner": "tinted-theming",
        "repo": "base16-vim",
        "rev": "577fe8125d74ff456cf942c733a85d769afe58b7",
        "type": "github"
      },
      "original": {
        "owner": "tinted-theming",
        "repo": "base16-vim",
        "rev": "577fe8125d74ff456cf942c733a85d769afe58b7",
        "type": "github"
      }
    },
    "cachyos-kernel": {
      "inputs": {
        "flake-compat": "flake-compat",
        "flake-parts": "flake-parts",
        "nixpkgs": "nixpkgs"
      },
      "locked": {
        "lastModified": 1790564970,
        "narHash": "sha256-ANcKKTLB5oitjAYPp+iWts5clpbowVbDPVvt03P7Hes=",
        "owner": "xddxdd",
        "repo": "nix-cachyos-kernel",
        "rev": "b1332396df6e880d7e3b6b451c6a74132ce8cf66",
        "type": "github"
      },
      "original": {
        "owner": "xddxdd",
        "ref": "release",
        "repo": "nix-cachyos-kernel",
        "type": "github"
      }
    },
    "den": {
      "locked": {
        "lastModified": 1790444791,
        "narHash": "sha256-ViEP064/HAeKV+Mhb4Vb5l8Lr33eNLDJib0E8JtLYrg=",
        "owner": "denful",
        "repo": "den",
        "rev": "d0d80faa36f735c9390c1f6e0a3a481ae7ae31d0",
        "type": "github"
      },
      "original": {
        "owner": "denful",
        "repo": "den",
        "type": "github"
      }
    },
    "disko": {
      "inputs": {
        "nixpkgs": [
          "nixpkgs"
        ]
      },
      "locked": {
        "lastModified": 1789770686,
        "narHash": "sha256-uZkBR7yHdIKUFB5SZdfgh1qkGfI3XmYmI/lTiquxbck=",
        "owner": "nix-community",
        "repo": "disko",
        "rev": "725ea35e410ad83be4931d1bff7e090eacaf3563",
        "type": "github"
      },
      "original": {
        "owner": "nix-community",
        "repo": "disko",
        "type": "github"
      }
    },
    "firefox-gnome-theme": {
      "flake": false,
      "locked": {
        "lastModified": 1783570805,
        "narHash": "sha256-ptl5aRlCv9/uRSv2u8Hq8UFVFeZ6Q/bT049bpqNgc3w=",
        "owner": "rafaelmardojai",
        "repo": "firefox-gnome-theme",
        "rev": "5602ed62d638142c1ab31dccd01dfbfb28841225",
        "type": "github"
      },
      "original": {
        "owner": "rafaelmardojai",
        "repo": "firefox-gnome-theme",
        "type": "github"
      }
    },
    "flake-compat": {
      "flake": false,
      "locked": {
        "lastModified": 1767039857,
        "narHash": "sha256-vNpUSpF5Nuw8xvDLj2KCwwksIbjua2LZCqhV1LNRDns=",
        "owner": "NixOS",
        "repo": "flake-compat",
        "rev": "5edf11c44bc78a0d334f6334cdaf7d60d732daab",
        "type": "github"
      },
      "original": {
        "owner": "NixOS",
        "repo": "flake-compat",
        "type": "github"
      }
    },
    "flake-file": {
      "locked": {
        "lastModified": 1790485366,
        "narHash": "sha256-viHKtslN6kMa+bKxge26uvtDSv1FtlHul/5I6MphjnA=",
        "owner": "vic",
        "repo": "flake-file",
        "rev": "de3e0fcfe03b1af5d36b95952f216ea9ba087c8a",
        "type": "github"
      },
      "original": {
        "owner": "vic",
        "repo": "flake-file",
        "type": "github"
      }
    },
    "flake-parts": {
      "inputs": {
        "nixpkgs-lib": "nixpkgs-lib"
      },
      "locked": {
        "lastModified": 1788450739,
        "narHash": "sha256-glZLQlzIn1fXH6PazR2iUmTo7kzzyYSshrWhLS9TqCU=",
        "owner": "hercules-ci",
        "repo": "flake-parts",
        "rev": "31729ca8cbdb4fa927b34e5f4353e6a83f39e993",
        "type": "github"
      },
      "original": {
        "owner": "hercules-ci",
        "repo": "flake-parts",
        "type": "github"
      }
    },
    "flake-parts_2": {
      "inputs": {
        "nixpkgs-lib": [
          "nixpkgs"
        ]
      },
      "locked": {
        "lastModified": 1788450739,
        "narHash": "sha256-glZLQlzIn1fXH6PazR2iUmTo7kzzyYSshrWhLS9TqCU=",
        "owner": "hercules-ci",
        "repo": "flake-parts",
        "rev": "31729ca8cbdb4fa927b34e5f4353e6a83f39e993",
        "type": "github"
      },
      "original": {
        "owner": "hercules-ci",
        "repo": "flake-parts",
        "type": "github"
      }
    },
    "flake-parts_3": {
      "inputs": {
        "nixpkgs-lib": [
          "stylix",
          "nixpkgs"
        ]
      },
      "locked": {
        "lastModified": 1782949081,
        "narHash": "sha256-vp6Y/Grm98ESt6ceOkWiHWyZRDV3J1RID4w+6NWK9yA=",
        "owner": "hercules-ci",
        "repo": "flake-parts",
        "rev": "17c9d6cdfc60c64f4ee8d306f9bc0b4ccb51481e",
        "type": "github"
      },
      "original": {
        "owner": "hercules-ci",
        "repo": "flake-parts",
        "type": "github"
      }
    },
    "flake-utils": {
      "inputs": {
        "systems": "systems"
      },
      "locked": {
        "lastModified": 1731533236,
        "narHash": "sha256-l0KFg5HjrsfsO/JpG+r7fRrqm12kzFHyUHqHCVpMMbI=",
        "owner": "numtide",
        "repo": "flake-utils",
        "rev": "11707dc2f618dd54ca8739b309ec4fc024de578b",
        "type": "github"
      },
      "original": {
        "owner": "numtide",
        "repo": "flake-utils",
        "type": "github"
      }
    },
    "fromYaml": {
      "flake": false,
      "locked": {
        "lastModified": 1731966426,
        "narHash": "sha256-lq95WydhbUTWig/JpqiB7oViTcHFP8Lv41IGtayokA8=",
        "owner": "SenchoPens",
        "repo": "fromYaml",
        "rev": "106af9e2f715e2d828df706c386a685698f3223b",
        "type": "github"
      },
      "original": {
        "owner": "SenchoPens",
        "repo": "fromYaml",
        "type": "github"
      }
    },
    "gen": {
      "inputs": {
        "gen-algebra": "gen-algebra",
        "gen-aspects": "gen-aspects",
        "gen-assemble": "gen-assemble",
        "gen-bind": "gen-bind",
        "gen-class": "gen-class",
        "gen-delivery": "gen-delivery",
        "gen-dispatch": "gen-dispatch",
        "gen-graph": "gen-graph",
        "gen-identity": "gen-identity",
        "gen-inspect": "gen-inspect",
        "gen-link": "gen-link",
        "gen-memo": "gen-memo",
        "gen-merge": "gen-merge",
        "gen-prelude": "gen-prelude",
        "gen-product": "gen-product",
        "gen-program": "gen-program",
        "gen-schema": "gen-schema",
        "gen-scope": "gen-scope",
        "gen-select": "gen-select",
        "gen-settings": "gen-settings",
        "gen-types": "gen-types",
        "gen-view": "gen-view",
        "import-tree": "import-tree",
        "nixpkgs": [
          "nixpkgs"
        ]
      },
      "locked": {
        "lastModified": 1790584831,
        "narHash": "sha256-+A0FrT3dQ49ykRhsBGiBwUFsOBBoOiYZA0PGzweWxrw=",
        "owner": "sini",
        "repo": "gen",
        "rev": "4c958cf7a27cb01bd193632def65032f7c9db1f2",
        "type": "github"
      },
      "original": {
        "owner": "sini",
        "repo": "gen",
        "type": "github"
      }
    },
    "gen-algebra": {
      "locked": {
        "lastModified": 1790584445,
        "narHash": "sha256-qQE7Gy+T6cZxJ5S2JE4cIM194JMUbmhvAKEtaYwYM00=",
        "owner": "sini",
        "repo": "gen-algebra",
        "rev": "a8628b47c48477c29af1e8aa53a67ac3af2d8903",
        "type": "github"
      },
      "original": {
        "owner": "sini",
        "repo": "gen-algebra",
        "type": "github"
      }
    },
    "gen-aspects": {
      "inputs": {
        "gen-identity": [
          "gen",
          "gen-identity"
        ],
        "gen-merge": [
          "gen",
          "gen-merge"
        ],
        "gen-prelude": [
          "gen",
          "gen-prelude"
        ],
        "gen-schema": [
          "gen",
          "gen-schema"
        ]
      },
      "locked": {
        "lastModified": 1790584679,
        "narHash": "sha256-RW4hGXxh0HUPaR704p96WM+W1LRyi7SJkvyJjXIlwbY=",
        "owner": "sini",
        "repo": "gen-aspects",
        "rev": "7c1048d022f27ca0588c32408ac9b6f476bf1779",
        "type": "github"
      },
      "original": {
        "owner": "sini",
        "repo": "gen-aspects",
        "type": "github"
      }
    },
    "gen-assemble": {
      "inputs": {
        "gen-algebra": [
          "gen",
          "gen-algebra"
        ],
        "gen-prelude": [
          "gen",
          "gen-prelude"
        ],
        "gen-scope": [
          "gen",
          "gen-scope"
        ]
      },
      "locked": {
        "lastModified": 1790584514,
        "narHash": "sha256-s8hk/cSHteizNkLLlTbXayGgudqsx494c0kVnkyeslw=",
        "owner": "sini",
        "repo": "gen-assemble",
        "rev": "95d2b2dbcc101743d326a2e1ca422e0500f090d6",
        "type": "github"
      },
      "original": {
        "owner": "sini",
        "repo": "gen-assemble",
        "type": "github"
      }
    },
    "gen-bind": {
      "inputs": {
        "gen-graph": [
          "gen",
          "gen-graph"
        ],
        "gen-prelude": [
          "gen",
          "gen-prelude"
        ]
      },
      "locked": {
        "lastModified": 1790584731,
        "narHash": "sha256-ztr4xvK1mSRjbQ9XORwwEt/d8B4ZUCsyF7M6mbjNeAU=",
        "owner": "sini",
        "repo": "gen-bind",
        "rev": "4d521f3d5a72059fd6a3f3b818030135c65700ed",
        "type": "github"
      },
      "original": {
        "owner": "sini",
        "repo": "gen-bind",
        "type": "github"
      }
    },
    "gen-class": {
      "inputs": {
        "gen-merge": [
          "gen",
          "gen-merge"
        ],
        "gen-prelude": [
          "gen",
          "gen-prelude"
        ]
      },
      "locked": {
        "lastModified": 1790584654,
        "narHash": "sha256-qkE+uS/hVtG6p6jLGFNWq0V9u0GsTUS5z//WyKJnDw4=",
        "owner": "sini",
        "repo": "gen-class",
        "rev": "a4104bb52f57deaf29387f2a0aee37d8900f763f",
        "type": "github"
      },
      "original": {
        "owner": "sini",
        "repo": "gen-class",
        "type": "github"
      }
    },
    "gen-delivery": {
      "inputs": {
        "gen-algebra": [
          "gen",
          "gen-algebra"
        ],
        "gen-aspects": [
          "gen",
          "gen-aspects"
        ],
        "gen-prelude": [
          "gen",
          "gen-prelude"
        ]
      },
      "locked": {
        "lastModified": 1790584700,
        "narHash": "sha256-WloU8uzQZG3n2PK4qE99SkVZgIcZp3C8PrW6PTsd81I=",
        "owner": "sini",
        "repo": "gen-delivery",
        "rev": "eec16436167dd560fa4e742fee85f78f1b6523b0",
        "type": "github"
      },
      "original": {
        "owner": "sini",
        "repo": "gen-delivery",
        "type": "github"
      }
    },
    "gen-dispatch": {
      "inputs": {
        "gen-prelude": [
          "gen",
          "gen-prelude"
        ]
      },
      "locked": {
        "lastModified": 1790584698,
        "narHash": "sha256-y2MhRfD9qemFi9PiD8IQictPw+tvCU/n3CVqt1LsHFQ=",
        "owner": "sini",
        "repo": "gen-dispatch",
        "rev": "1d10f2c3f1b453da3edf5b633acd05d8ec30b86c",
        "type": "github"
      },
      "original": {
        "owner": "sini",
        "repo": "gen-dispatch",
        "type": "github"
      }
    },
    "gen-graph": {
      "inputs": {
        "gen-prelude": [
          "gen",
          "gen-prelude"
        ]
      },
      "locked": {
        "lastModified": 1790584456,
        "narHash": "sha256-33Hix9R4q86tJdEyuO05BNJBsM1WcqGIBWGXKvl1u7s=",
        "owner": "sini",
        "repo": "gen-graph",
        "rev": "2c2e9168687557e66a6ab67a0293a1ad2f783a25",
        "type": "github"
      },
      "original": {
        "owner": "sini",
        "repo": "gen-graph",
        "type": "github"
      }
    },
    "gen-identity": {
      "locked": {
        "lastModified": 1790584427,
        "narHash": "sha256-ubLab9iTpQmvPg9cshoFKThnX0GZNw9HH/rjrwGktzM=",
        "owner": "sini",
        "repo": "gen-identity",
        "rev": "6325a3346190e8fb5070bfc24aa1cc30f2f63456",
        "type": "github"
      },
      "original": {
        "owner": "sini",
        "repo": "gen-identity",
        "type": "github"
      }
    },
    "gen-inspect": {
      "inputs": {
        "gen-graph": [
          "gen",
          "gen-graph"
        ],
        "gen-prelude": [
          "gen",
          "gen-prelude"
        ],
        "gen-program": [
          "gen",
          "gen-program"
        ],
        "gen-scope": [
          "gen",
          "gen-scope"
        ],
        "gen-select": [
          "gen",
          "gen-select"
        ]
      },
      "locked": {
        "lastModified": 1790584708,
        "narHash": "sha256-A9AKZPyHuu4o52mQac8rGMn2HKQAIJQG+I/EWUZanTw=",
        "owner": "sini",
        "repo": "gen-inspect",
        "rev": "dd89856a8de045d71b235c66cb4402795bbf7c1e",
        "type": "github"
      },
      "original": {
        "owner": "sini",
        "repo": "gen-inspect",
        "type": "github"
      }
    },
    "gen-link": {
      "inputs": {
        "gen-algebra": [
          "gen",
          "gen-algebra"
        ],
        "gen-aspects": [
          "gen",
          "gen-aspects"
        ],
        "gen-identity": [
          "gen",
          "gen-identity"
        ],
        "gen-prelude": [
          "gen",
          "gen-prelude"
        ],
        "gen-schema": [
          "gen",
          "gen-schema"
        ],
        "gen-scope": [
          "gen",
          "gen-scope"
        ],
        "gen-view": [
          "gen",
          "gen-view"
        ]
      },
      "locked": {
        "lastModified": 1790584710,
        "narHash": "sha256-/ktcadNpZQJioTkXkBmEnj3i5pUQqQ39JBa+9iCyrws=",
        "owner": "sini",
        "repo": "gen-link",
        "rev": "da0180442be72eee8206753bf82ecf323d40aafb",
        "type": "github"
      },
      "original": {
        "owner": "sini",
        "repo": "gen-link",
        "type": "github"
      }
    },
    "gen-memo": {
      "inputs": {
        "gen-graph": [
          "gen",
          "gen-graph"
        ],
        "gen-prelude": [
          "gen",
          "gen-prelude"
        ]
      },
      "locked": {
        "lastModified": 1790584501,
        "narHash": "sha256-iCzWcnVbmyR59b2mqE/ylnvrPHdBQP31+bX/7rpViD8=",
        "owner": "sini",
        "repo": "gen-memo",
        "rev": "cdae33b79ec4f82d5ac659430c609f8f55ef5fef",
        "type": "github"
      },
      "original": {
        "owner": "sini",
        "repo": "gen-memo",
        "type": "github"
      }
    },
    "gen-merge": {
      "inputs": {
        "gen-memo": [
          "gen",
          "gen-memo"
        ],
        "gen-prelude": [
          "gen",
          "gen-prelude"
        ],
        "gen-scope": [
          "gen",
          "gen-scope"
        ],
        "gen-types": [
          "gen",
          "gen-types"
        ]
      },
      "locked": {
        "lastModified": 1790584634,
        "narHash": "sha256-MF7LVo3jvFEWsCpJnMJPrUOnqNStwVX1aur3T1VtPms=",
        "owner": "sini",
        "repo": "gen-merge",
        "rev": "cb6c44a5689cd69591cdcf0f692facd1a44bae88",
        "type": "github"
      },
      "original": {
        "owner": "sini",
        "repo": "gen-merge",
        "type": "github"
      }
    },
    "gen-prelude": {
      "locked": {
        "lastModified": 1790584425,
        "narHash": "sha256-4exMke6ZoqIv00cNn2qX63US2Tus0Npcy0fzwbSGVgc=",
        "owner": "sini",
        "repo": "gen-prelude",
        "rev": "51147ca7c2622f19d166865d0a7c5e7982896d03",
        "type": "github"
      },
      "original": {
        "owner": "sini",
        "repo": "gen-prelude",
        "type": "github"
      }
    },
    "gen-product": {
      "inputs": {
        "gen-prelude": [
          "gen",
          "gen-prelude"
        ]
      },
      "locked": {
        "lastModified": 1790584476,
        "narHash": "sha256-/P4C2d4I7Ajog4IefedN92B0vzMKZViT6Y4f5nI0Ku4=",
        "owner": "sini",
        "repo": "gen-product",
        "rev": "2f97307f04c62d8201eadc066af6306b96bf5967",
        "type": "github"
      },
      "original": {
        "owner": "sini",
        "repo": "gen-product",
        "type": "github"
      }
    },
    "gen-program": {
      "inputs": {
        "gen-prelude": [
          "gen",
          "gen-prelude"
        ],
        "gen-scope": [
          "gen",
          "gen-scope"
        ]
      },
      "locked": {
        "lastModified": 1790584511,
        "narHash": "sha256-9MsxzOZoIA5cXC/ATqSwb2P4ysJws88l0V1K3/+REJ8=",
        "owner": "sini",
        "repo": "gen-program",
        "rev": "bf4428973c2dfe0f79a423f66c29671ec2b5ba5a",
        "type": "github"
      },
      "original": {
        "owner": "sini",
        "repo": "gen-program",
        "type": "github"
      }
    },
    "gen-schema": {
      "inputs": {
        "gen-algebra": [
          "gen",
          "gen-algebra"
        ],
        "gen-graph": [
          "gen",
          "gen-graph"
        ],
        "gen-identity": [
          "gen",
          "gen-identity"
        ],
        "gen-merge": [
          "gen",
          "gen-merge"
        ],
        "gen-prelude": [
          "gen",
          "gen-prelude"
        ]
      },
      "locked": {
        "lastModified": 1790584657,
        "narHash": "sha256-ZlCr/cMtX7OfIsrgPm8hQdALO4XhJ8kBfYKXiqVcQrE=",
        "owner": "sini",
        "repo": "gen-schema",
        "rev": "df624567e4d0b8de126a3bf73f6d40622f99d94c",
        "type": "github"
      },
      "original": {
        "owner": "sini",
        "repo": "gen-schema",
        "type": "github"
      }
    },
    "gen-scope": {
      "inputs": {
        "gen-graph": [
          "gen",
          "gen-graph"
        ],
        "gen-identity": [
          "gen",
          "gen-identity"
        ],
        "gen-prelude": [
          "gen",
          "gen-prelude"
        ]
      },
      "locked": {
        "lastModified": 1790584481,
        "narHash": "sha256-Mxg7XrotOJi2xE8VVGLeUOv7p+TlCNp8+8QO0XwQguc=",
        "owner": "sini",
        "repo": "gen-scope",
        "rev": "87457158cfe2afa54e52f4a91065605ed9677f6f",
        "type": "github"
      },
      "original": {
        "owner": "sini",
        "repo": "gen-scope",
        "type": "github"
      }
    },
    "gen-select": {
      "inputs": {
        "gen-algebra": [
          "gen",
          "gen-algebra"
        ]
      },
      "locked": {
        "lastModified": 1790584678,
        "narHash": "sha256-Kgud+GNPVSv4Xf0RKMW6EL57aDNPS+7e1oYYJ2qzddw=",
        "owner": "sini",
        "repo": "gen-select",
        "rev": "db036177c4a5f751d971edc8f44d0a48c437fea7",
        "type": "github"
      },
      "original": {
        "owner": "sini",
        "repo": "gen-select",
        "type": "github"
      }
    },
    "gen-settings": {
      "inputs": {
        "gen-algebra": [
          "gen",
          "gen-algebra"
        ],
        "gen-bind": [
          "gen",
          "gen-bind"
        ],
        "gen-graph": [
          "gen",
          "gen-graph"
        ],
        "gen-identity": [
          "gen",
          "gen-identity"
        ],
        "gen-prelude": [
          "gen",
          "gen-prelude"
        ],
        "gen-schema": [
          "gen",
          "gen-schema"
        ],
        "gen-types": [
          "gen",
          "gen-types"
        ]
      },
      "locked": {
        "lastModified": 1790584755,
        "narHash": "sha256-yqJQfKGN1oq5sPYm08RKGTCBf3qnkcExwpKPJXHaw4A=",
        "owner": "sini",
        "repo": "gen-settings",
        "rev": "8cab01e8d7a9914002bff072fa1c4e19488f44c5",
        "type": "github"
      },
      "original": {
        "owner": "sini",
        "repo": "gen-settings",
        "type": "github"
      }
    },
    "gen-types": {
      "inputs": {
        "gen-identity": [
          "gen",
          "gen-identity"
        ],
        "gen-prelude": [
          "gen",
          "gen-prelude"
        ]
      },
      "locked": {
        "lastModified": 1790584454,
        "narHash": "sha256-fh0FQ/C8wc8d0hBnYRXnnlf5hBN+JvYqoABfMgjmg+M=",
        "owner": "sini",
        "repo": "gen-types",
        "rev": "e665fdc3ddee79e2a918e96a0d98735cf2a932e8",
        "type": "github"
      },
      "original": {
        "owner": "sini",
        "repo": "gen-types",
        "type": "github"
      }
    },
    "gen-view": {
      "inputs": {
        "gen-graph": [
          "gen",
          "gen-graph"
        ],
        "gen-prelude": [
          "gen",
          "gen-prelude"
        ]
      },
      "locked": {
        "lastModified": 1790584504,
        "narHash": "sha256-LUkfbM8IFt0xZfq8BGnkN5VMJPXRPYh4QEY072rDtkQ=",
        "owner": "sini",
        "repo": "gen-view",
        "rev": "fd80ac1874f89707782109656702b4f3478e2ddf",
        "type": "github"
      },
      "original": {
        "owner": "sini",
        "repo": "gen-view",
        "type": "github"
      }
    },
    "gnome-shell": {
      "flake": false,
      "locked": {
        "host": "gitlab.gnome.org",
        "lastModified": 1776175984,
        "narHash": "sha256-RJFlFW8GiMei6oqUGrMkGEvVqOH8U7Q8abc1yK4VKD8=",
        "owner": "GNOME",
        "repo": "gnome-shell",
        "rev": "e0fdc4c13250e9a9b8ea9594c83925274f4a5dca",
        "type": "gitlab"
      },
      "original": {
        "host": "gitlab.gnome.org",
        "owner": "GNOME",
        "ref": "50.1",
        "repo": "gnome-shell",
        "type": "gitlab"
      }
    },
    "home-manager": {
      "inputs": {
        "nixpkgs": [
          "nixpkgs"
        ]
      },
      "locked": {
        "lastModified": 1790365885,
        "narHash": "sha256-iQ0ebhiVo64NktTnwft9hNxlFu4j5cvljVxyJaEVIP4=",
        "owner": "nix-community",
        "repo": "home-manager",
        "rev": "7b4c5ec4bedaf1e062bbc1bcaeddbc6bd242aa1b",
        "type": "github"
      },
      "original": {
        "owner": "nix-community",
        "repo": "home-manager",
        "type": "github"
      }
    },
    "home-manager_2": {
      "inputs": {
        "nixpkgs": [
          "nix-pkgs",
          "nixpkgs"
        ]
      },
      "locked": {
        "lastModified": 1790365885,
        "narHash": "sha256-iQ0ebhiVo64NktTnwft9hNxlFu4j5cvljVxyJaEVIP4=",
        "owner": "nix-community",
        "repo": "home-manager",
        "rev": "7b4c5ec4bedaf1e062bbc1bcaeddbc6bd242aa1b",
        "type": "github"
      },
      "original": {
        "owner": "nix-community",
        "repo": "home-manager",
        "type": "github"
      }
    },
    "import-tree": {
      "locked": {
        "lastModified": 1783029876,
        "narHash": "sha256-iI88R3wHz8wTKQb5orvpc51L/Xr64AJyxid/0MKa/b8=",
        "owner": "denful",
        "repo": "import-tree",
        "rev": "a164a12202f58eb67559bd33b5592f20660d9baf",
        "type": "github"
      },
      "original": {
        "owner": "denful",
        "repo": "import-tree",
        "rev": "a164a12202f58eb67559bd33b5592f20660d9baf",
        "type": "github"
      }
    },
    "import-tree_2": {
      "locked": {
        "lastModified": 1788467110,
        "narHash": "sha256-ljEMTXP/rH0tOvDzc9gzwww6KcHRPRnEHzd9lK48V7s=",
        "owner": "vic",
        "repo": "import-tree",
        "rev": "eb1b52eaecc57f7c136d07ae8a93e724dfecac46",
        "type": "github"
      },
      "original": {
        "owner": "vic",
        "repo": "import-tree",
        "type": "github"
      }
    },
    "lazyvim": {
      "inputs": {
        "flake-utils": "flake-utils",
        "nixpkgs": [
          "nixpkgs"
        ]
      },
      "locked": {
        "lastModified": 1788971242,
        "narHash": "sha256-XGWQ4CtmuRH+4NijKC5OlMMd32Au7plsIaiaCWuM4to=",
        "owner": "pfassina",
        "repo": "lazyvim-nix",
        "rev": "21893371738a6734c2a8ca455d92d57cc8accf83",
        "type": "github"
      },
      "original": {
        "owner": "pfassina",
        "repo": "lazyvim-nix",
        "type": "github"
      }
    },
    "nix-cache": {
      "inputs": {
        "nixpkgs": [
          "nixpkgs"
        ]
      },
      "locked": {
        "lastModified": 1790452391,
        "narHash": "sha256-qapCbEeGOk7InIeQdQdYjx5wH0tMgxb1kLxP0hK1NUI=",
        "owner": "divyam234",
        "repo": "nix-cache",
        "rev": "876f94e63feceda378a120603608613407ecf256",
        "type": "github"
      },
      "original": {
        "owner": "divyam234",
        "repo": "nix-cache",
        "type": "github"
      }
    },
    "nix-pkgs": {
      "inputs": {
        "home-manager": "home-manager_2",
        "nixpkgs": [
          "nixpkgs"
        ]
      },
      "locked": {
        "lastModified": 1790573307,
        "narHash": "sha256-Od2BVOHKLpkK0pG5e4xMx8tfryFZXMfElBNwg48SObU=",
        "owner": "divyam234",
        "repo": "nix-pkgs",
        "rev": "e7c99169c2d40545adb47869827898bb32a7ad40",
        "type": "github"
      },
      "original": {
        "owner": "divyam234",
        "repo": "nix-pkgs",
        "type": "github"
      }
    },
    "nixos-facter-modules": {
      "locked": {
        "lastModified": 1773858690,
        "narHash": "sha256-oW0/lC0oRG5H5LaK6Rmh9L1wmkn9TbenM4bXwnIEDKA=",
        "owner": "numtide",
        "repo": "nixos-facter-modules",
        "rev": "139dcef4dfc97009629c445806f197883351ab4a",
        "type": "github"
      },
      "original": {
        "owner": "numtide",
        "repo": "nixos-facter-modules",
        "type": "github"
      }
    },
    "nixpkgs": {
      "locked": {
        "lastModified": 1790505892,
        "narHash": "sha256-/pAz2XfqHS//WRn2xRjoqes7Z92qZ0Q1gufZZ3PtuwA=",
        "owner": "NixOS",
        "repo": "nixpkgs",
        "rev": "545c226a9af7f59fba5c3873f7c6a65e014c8f5f",
        "type": "github"
      },
      "original": {
        "owner": "NixOS",
        "ref": "nixos-unstable-small",
        "repo": "nixpkgs",
        "type": "github"
      }
    },
    "nixpkgs-lib": {
      "locked": {
        "lastModified": 1788057806,
        "narHash": "sha256-DTQSMxzDWmT0zhguthvegnVkn7CFqGCv4IHCzk5ZUpM=",
        "owner": "nix-community",
        "repo": "nixpkgs.lib",
        "rev": "596e2e3940e09b2abbeb03f75fa1828c57fcd72c",
        "type": "github"
      },
      "original": {
        "owner": "nix-community",
        "repo": "nixpkgs.lib",
        "type": "github"
      }
    },
    "nixpkgs_2": {
      "locked": {
        "lastModified": 1790463110,
        "narHash": "sha256-hKlVl12B1dF0Q5vd9dY3lIJM5mFGWYSlXwSLAqHZ1+s=",
        "owner": "nixos",
        "repo": "nixpkgs",
        "rev": "e158d9ed9b51c98974c5e66e1ba1c9e0255fecaa",
        "type": "github"
      },
      "original": {
        "owner": "nixos",
        "ref": "nixos-unstable",
        "repo": "nixpkgs",
        "type": "github"
      }
    },
    "nur": {
      "inputs": {
        "flake-parts": [
          "stylix",
          "flake-parts"
        ],
        "nixpkgs": [
          "stylix",
          "nixpkgs"
        ]
      },
      "locked": {
        "lastModified": 1785549842,
        "narHash": "sha256-DCwBZmGsySF7oKGTRgEv2HvpxVXkHT+38VhTM76k0B4=",
        "owner": "nix-community",
        "repo": "NUR",
        "rev": "a9f987b57594e845e3e5cdd423b9a70846d70308",
        "type": "github"
      },
      "original": {
        "owner": "nix-community",
        "repo": "NUR",
        "type": "github"
      }
    },
    "quadlet-nix": {
      "locked": {
        "lastModified": 1785695563,
        "narHash": "sha256-kE3JCUeQA4CXlLl5TglmKceOJP+ZF/CwkHngiZ3yS00=",
        "owner": "SEIAROTg",
        "repo": "quadlet-nix",
        "rev": "b6ff6c4d6b36b8e29bce417b668597fab3e03160",
        "type": "github"
      },
      "original": {
        "owner": "SEIAROTg",
        "repo": "quadlet-nix",
        "type": "github"
      }
    },
    "root": {
      "inputs": {
        "cachyos-kernel": "cachyos-kernel",
        "den": "den",
        "disko": "disko",
        "flake-file": "flake-file",
        "flake-parts": "flake-parts_2",
        "gen": "gen",
        "home-manager": "home-manager",
        "import-tree": "import-tree_2",
        "lazyvim": "lazyvim",
        "nix-cache": "nix-cache",
        "nix-pkgs": "nix-pkgs",
        "nixos-facter-modules": "nixos-facter-modules",
        "nixpkgs": "nixpkgs_2",
        "quadlet-nix": "quadlet-nix",
        "rust-overlay": "rust-overlay",
        "sonora": "sonora",
        "sops-nix": "sops-nix",
        "stylix": "stylix",
        "tinted-sublime-text": "tinted-sublime-text",
        "umbriel": "umbriel"
      }
    },
    "rust-overlay": {
      "inputs": {
        "nixpkgs": [
          "nixpkgs"
        ]
      },
      "locked": {
        "lastModified": 1790584267,
        "narHash": "sha256-NvjQLSztzad7ulLbvrYFKpz4pRrxZ34zKM7mTGEK1wk=",
        "owner": "oxalica",
        "repo": "rust-overlay",
        "rev": "3f4df219c0d9aa82710232324856755d51ef0b69",
        "type": "github"
      },
      "original": {
        "owner": "oxalica",
        "repo": "rust-overlay",
        "type": "github"
      }
    },
    "sonora": {
      "inputs": {
        "nixpkgs": [
          "nixpkgs"
        ],
        "rust-overlay": [
          "rust-overlay"
        ]
      },
      "locked": {
        "lastModified": 1790588600,
        "narHash": "sha256-Cq914BIb8LwafiEvGQOKppgER+j0rVbZB0zlWefWRvs=",
        "owner": "sonorahq",
        "repo": "sonora",
        "rev": "a0f8d742b539453458482d97e86608ddc60c30de",
        "type": "github"
      },
      "original": {
        "owner": "sonorahq",
        "repo": "sonora",
        "type": "github"
      }
    },
    "sops-nix": {
      "inputs": {
        "nixpkgs": [
          "nixpkgs"
        ]
      },
      "locked": {
        "lastModified": 1790498116,
        "narHash": "sha256-rs9meAYxW3zzrh43yaW7htrqCD+X9+pupDPHN86fumI=",
        "owner": "Mic92",
        "repo": "sops-nix",
        "rev": "5efb5a6f4f5ab192817d28557dd4d650fa14d866",
        "type": "github"
      },
      "original": {
        "owner": "Mic92",
        "repo": "sops-nix",
        "type": "github"
      }
    },
    "stylix": {
      "inputs": {
        "base16": "base16",
        "base16-fish": "base16-fish",
        "base16-helix": "base16-helix",
        "base16-vim": "base16-vim",
        "firefox-gnome-theme": "firefox-gnome-theme",
        "flake-parts": "flake-parts_3",
        "gnome-shell": "gnome-shell",
        "nixpkgs": [
          "nixpkgs"
        ],
        "nur": "nur",
        "systems": "systems_2",
        "tinted-kitty": "tinted-kitty",
        "tinted-schemes": "tinted-schemes",
        "tinted-tmux": "tinted-tmux",
        "tinted-zed": "tinted-zed"
      },
      "locked": {
        "lastModified": 1790451534,
        "narHash": "sha256-5J4zQ0mmCsd2SS+sOKdzXrngofQdtube3VoHSENz4zE=",
        "owner": "nix-community",
        "repo": "stylix",
        "rev": "fb28acd59e2ac1984ec84fa496599d6b4bf3e690",
        "type": "github"
      },
      "original": {
        "owner": "nix-community",
        "repo": "stylix",
        "type": "github"
      }
    },
    "systems": {
      "locked": {
        "lastModified": 1681028828,
        "narHash": "sha256-Vy1rq5AaRuLzOxct8nz4T6wlgyUR7zLU309k9mBC768=",
        "owner": "nix-systems",
        "repo": "default",
        "rev": "da67096a3b9bf56a91d16901293e51ba5b49a27e",
        "type": "github"
      },
      "original": {
        "owner": "nix-systems",
        "repo": "default",
        "type": "github"
      }
    },
    "systems_2": {
      "locked": {
        "lastModified": 1774449309,
        "narHash": "sha256-brhZ8DmuGtzkCYHJg4HEd602amKm89Y9ytsFZ5uWD1w=",
        "owner": "nix-systems",
        "repo": "default",
        "rev": "c29398b59d2048c4ab79345812849c9bd15e9150",
        "type": "github"
      },
      "original": {
        "owner": "nix-systems",
        "ref": "future-26.11",
        "repo": "default",
        "type": "github"
      }
    },
    "tinted-kitty": {
      "flake": false,
      "locked": {
        "lastModified": 1735730497,
        "narHash": "sha256-4KtB+FiUzIeK/4aHCKce3V9HwRvYaxX+F1edUrfgzb8=",
        "owner": "tinted-theming",
        "repo": "tinted-kitty",
        "rev": "de6f888497f2c6b2279361bfc790f164bfd0f3fa",
        "type": "github"
      },
      "original": {
        "owner": "tinted-theming",
        "repo": "tinted-kitty",
        "type": "github"
      }
    },
    "tinted-schemes": {
      "flake": false,
      "locked": {
        "lastModified": 1785153830,
        "narHash": "sha256-fNdfCTeCXU3tZG3TMincd+u68qBHQgCr2Ljr/M1mWP0=",
        "owner": "tinted-theming",
        "repo": "schemes",
        "rev": "9bd28ed313560db3c5b605c63bc4e309e78e3fc8",
        "type": "github"
      },
      "original": {
        "owner": "tinted-theming",
        "repo": "schemes",
        "type": "github"
      }
    },
    "tinted-sublime-text": {
      "flake": false,
      "locked": {
        "lastModified": 1790479774,
        "narHash": "sha256-crGsvJiuNWpjiaRuQbkwdTCsDkYO5V+blLi5g0YKYpY=",
        "owner": "tinted-theming",
        "repo": "tinted-sublime-text",
        "rev": "0fc4faec05ad997979bad10ecb7f77da5c857f7a",
        "type": "github"
      },
      "original": {
        "owner": "tinted-theming",
        "repo": "tinted-sublime-text",
        "type": "github"
      }
    },
    "tinted-tmux": {
      "flake": false,
      "locked": {
        "lastModified": 1785031658,
        "narHash": "sha256-mZp9O2LjzdMzlqQF3l3fjqsuPBzXy+1qTfBEUGjTlpk=",
        "owner": "tinted-theming",
        "repo": "tinted-tmux",
        "rev": "5d2c67f61ea7af36f16865ab6d541cdba41dc257",
        "type": "github"
      },
      "original": {
        "owner": "tinted-theming",
        "repo": "tinted-tmux",
        "type": "github"
      }
    },
    "tinted-zed": {
      "flake": false,
      "locked": {
        "lastModified": 1785030526,
        "narHash": "sha256-klZf8UviewRkxuu74Bhbq6tqy7oxebQC7UVRWbbtQxU=",
        "owner": "tinted-theming",
        "repo": "base16-zed",
        "rev": "16f5a8adf4a6b1310d0a61ab172de963e8f76a02",
        "type": "github"
      },
      "original": {
        "owner": "tinted-theming",
        "repo": "base16-zed",
        "type": "github"
      }
    },
    "umbriel": {
      "inputs": {
        "nixpkgs": [
          "nixpkgs"
        ],
        "xdg-desktop-portal-umbriel": "xdg-desktop-portal-umbriel"
      },
      "locked": {
        "lastModified": 1790564528,
        "narHash": "sha256-E+QW8j4B5qWJd74q9oYcFzaS2MBD0q+gVeiW1C+USXA=",
        "owner": "noctalia-dev",
        "repo": "umbriel",
        "rev": "2c683caf4bccc1850c57dfa8b9eaf16e4b3d3fa3",
        "type": "github"
      },
      "original": {
        "owner": "noctalia-dev",
        "repo": "umbriel",
        "type": "github"
      }
    },
    "xdg-desktop-portal-umbriel": {
      "inputs": {
        "nixpkgs": [
          "umbriel",
          "nixpkgs"
        ]
      },
      "locked": {
        "lastModified": 1790459405,
        "narHash": "sha256-xDnu9icpormkETOo8Vn2Qr7Jkrz9ZqRf/jOhqADeeyg=",
        "owner": "noctalia-dev",
        "repo": "xdg-desktop-portal-umbriel",
        "rev": "d6bd72cabd83e3084fb2f2e24898d8ffa4a8c24f",
        "type": "github"
      },
      "original": {
        "owner": "noctalia-dev",
        "repo": "xdg-desktop-portal-umbriel",
        "type": "github"
      }
    }
  },
  "root": "root",
  "version": 7
}
