{
  "nodes": {
    "base16": {
      "inputs": {
        "fromYaml": "fromYaml"
      },
      "locked": {
        "lastModified": 1755819240,
        "narHash": "sha256-qcMhnL7aGAuFuutH4rq9fvAhCpJWVHLcHVZLtPctPlo=",
        "owner": "SenchoPens",
        "repo": "base16.nix",
        "rev": "75ed5e5e3fce37df22e49125181fa37899c3ccd6",
        "type": "github"
      },
      "original": {
        "owner": "SenchoPens",
        "repo": "base16.nix",
        "type": "github"
      }
    },
    "base16-fish": {
      "flake": false,
      "locked": {
        "lastModified": 1765809053,
        "narHash": "sha256-XCUQLoLfBJ8saWms2HCIj4NEN+xNsWBlU1NrEPcQG4s=",
        "owner": "tomyun",
        "repo": "base16-fish",
        "rev": "86cbea4dca62e08fb7fd83a70e96472f92574782",
        "type": "github"
      },
      "original": {
        "owner": "tomyun",
        "repo": "base16-fish",
        "rev": "86cbea4dca62e08fb7fd83a70e96472f92574782",
        "type": "github"
      }
    },
    "base16-helix": {
      "flake": false,
      "locked": {
        "lastModified": 1776754714,
        "narHash": "sha256-E3OAK27smtATTmX45uoTSRsVD+Y+ZiVVfgM/tjpbtYg=",
        "owner": "tinted-theming",
        "repo": "base16-helix",
        "rev": "4d508123037e7851ad36ebf7d9c48b0e9e1eb581",
        "type": "github"
      },
      "original": {
        "owner": "tinted-theming",
        "repo": "base16-helix",
        "type": "github"
      }
    },
    "base16-vim": {
      "flake": false,
      "locked": {
        "lastModified": 1732806396,
        "narHash": "sha256-e0bpPySdJf0F68Ndanwm+KWHgQiZ0s7liLhvJSWDNsA=",
        "owner": "tinted-theming",
        "repo": "base16-vim",
        "rev": "577fe8125d74ff456cf942c733a85d769afe58b7",
        "type": "github"
      },
      "original": {
        "owner": "tinted-theming",
        "repo": "base16-vim",
        "rev": "577fe8125d74ff456cf942c733a85d769afe58b7",
        "type": "github"
      }
    },
    "cachyos-kernel": {
      "inputs": {
        "flake-compat": "flake-compat",
        "flake-parts": "flake-parts",
        "nixpkgs": "nixpkgs"
      },
      "locked": {
        "lastModified": 1790564970,
        "narHash": "sha256-ANcKKTLB5oitjAYPp+iWts5clpbowVbDPVvt03P7Hes=",
        "owner": "xddxdd",
        "repo": "nix-cachyos-kernel",
        "rev": "b1332396df6e880d7e3b6b451c6a74132ce8cf66",
        "type": "github"
      },
      "original": {
        "owner": "xddxdd",
        "ref": "release",
        "repo": "nix-cachyos-kernel",
        "type": "github"
      }
    },
    "den": {
      "locked": {
        "lastModified": 1790620498,
        "narHash": "sha256-20TrStpHRu+QkS0Wn8AmrJd0GiUz8/jiUVvrS9Bm1MU=",
        "owner": "denful",
        "repo": "den",
        "rev": "7594405b45e0ce2d5a418fe104a26e17f6b1dd8f",
        "type": "github"
      },
      "original": {
        "owner": "denful",
        "repo": "den",
        "type": "github"
      }
    },
    "disko": {
      "inputs": {
        "nixpkgs": [
          "nixpkgs"
        ]
      },
      "locked": {
        "lastModified": 1789770686,
        "narHash": "sha256-uZkBR7yHdIKUFB5SZdfgh1qkGfI3XmYmI/lTiquxbck=",
        "owner": "nix-community",
        "repo": "disko",
        "rev": "725ea35e410ad83be4931d1bff7e090eacaf3563",
        "type": "github"
      },
      "original": {
        "owner": "nix-community",
        "repo": "disko",
        "type": "github"
      }
    },
    "firefox-gnome-theme": {
      "flake": false,
      "locked": {
        "lastModified": 1783570805,
        "narHash": "sha256-ptl5aRlCv9/uRSv2u8Hq8UFVFeZ6Q/bT049bpqNgc3w=",
        "owner": "rafaelmardojai",
        "repo": "firefox-gnome-theme",
        "rev": "5602ed62d638142c1ab31dccd01dfbfb28841225",
        "type": "github"
      },
      "original": {
        "owner": "rafaelmardojai",
        "repo": "firefox-gnome-theme",
        "type": "github"
      }
    },
    "flake-compat": {
      "flake": false,
      "locked": {
        "lastModified": 1767039857,
        "narHash": "sha256-vNpUSpF5Nuw8xvDLj2KCwwksIbjua2LZCqhV1LNRDns=",
        "owner": "NixOS",
        "repo": "flake-compat",
        "rev": "5edf11c44bc78a0d334f6334cdaf7d60d732daab",
        "type": "github"
      },
      "original": {
        "owner": "NixOS",
        "repo": "flake-compat",
        "type": "github"
      }
    },
    "flake-file": {
      "locked": {
        "lastModified": 1790698230,
        "narHash": "sha256-24oUHm2evb57Dgu46X41rLY9ue/au47nxbaUTo6lJVc=",
        "owner": "vic",
        "repo": "flake-file",
        "rev": "91280a19eede3b3035e3889a3523c27e8fc07886",
        "type": "github"
      },
      "original": {
        "owner": "vic",
        "repo": "flake-file",
        "type": "github"
      }
    },
    "flake-parts": {
      "inputs": {
        "nixpkgs-lib": "nixpkgs-lib"
      },
      "locked": {
        "lastModified": 1788450739,
        "narHash": "sha256-glZLQlzIn1fXH6PazR2iUmTo7kzzyYSshrWhLS9TqCU=",
        "owner": "hercules-ci",
        "repo": "flake-parts",
        "rev": "31729ca8cbdb4fa927b34e5f4353e6a83f39e993",
        "type": "github"
      },
      "original": {
        "owner": "hercules-ci",
        "repo": "flake-parts",
        "type": "github"
      }
    },
    "flake-parts_2": {
      "inputs": {
        "nixpkgs-lib": [
          "nixpkgs"
        ]
      },
      "locked": {
        "lastModified": 1790898470,
        "narHash": "sha256-zTwuwezD0w3hpga6a6P8emidzAZFyWqlNeRBlpWOOl8=",
        "owner": "hercules-ci",
        "repo": "flake-parts",
        "rev": "024633cd702b10285db5cb19b40ad48d2399ba60",
        "type": "github"
      },
      "original": {
        "owner": "hercules-ci",
        "repo": "flake-parts",
        "type": "github"
      }
    },
    "flake-parts_3": {
      "inputs": {
        "nixpkgs-lib": [
          "stylix",
          "nixpkgs"
        ]
      },
      "locked": {
        "lastModified": 1782949081,
        "narHash": "sha256-vp6Y/Grm98ESt6ceOkWiHWyZRDV3J1RID4w+6NWK9yA=",
        "owner": "hercules-ci",
        "repo": "flake-parts",
        "rev": "17c9d6cdfc60c64f4ee8d306f9bc0b4ccb51481e",
        "type": "github"
      },
      "original": {
        "owner": "hercules-ci",
        "repo": "flake-parts",
        "type": "github"
      }
    },
    "flake-utils": {
      "inputs": {
        "systems": "systems"
      },
      "locked": {
        "lastModified": 1731533236,
        "narHash": "sha256-l0KFg5HjrsfsO/JpG+r7fRrqm12kzFHyUHqHCVpMMbI=",
        "owner": "numtide",
        "repo": "flake-utils",
        "rev": "11707dc2f618dd54ca8739b309ec4fc024de578b",
        "type": "github"
      },
      "original": {
        "owner": "numtide",
        "repo": "flake-utils",
        "type": "github"
      }
    },
    "fromYaml": {
      "flake": false,
      "locked": {
        "lastModified": 1731966426,
        "narHash": "sha256-lq95WydhbUTWig/JpqiB7oViTcHFP8Lv41IGtayokA8=",
        "owner": "SenchoPens",
        "repo": "fromYaml",
        "rev": "106af9e2f715e2d828df706c386a685698f3223b",
        "type": "github"
      },
      "original": {
        "owner": "SenchoPens",
        "repo": "fromYaml",
        "type": "github"
      }
    },
    "gen": {
      "inputs": {
        "gen-algebra": "gen-algebra",
        "gen-aspects": "gen-aspects",
        "gen-assemble": "gen-assemble",
        "gen-bind": "gen-bind",
        "gen-class": "gen-class",
        "gen-delivery": "gen-delivery",
        "gen-dispatch": "gen-dispatch",
        "gen-graph": "gen-graph",
        "gen-identity": "gen-identity",
        "gen-inspect": "gen-inspect",
        "gen-link": "gen-link",
        "gen-memo": "gen-memo",
        "gen-merge": "gen-merge",
        "gen-prelude": "gen-prelude",
        "gen-product": "gen-product",
        "gen-program": "gen-program",
        "gen-schema": "gen-schema",
        "gen-scope": "gen-scope",
        "gen-select": "gen-select",
        "gen-settings": "gen-settings",
        "gen-types": "gen-types",
        "gen-view": "gen-view",
        "import-tree": "import-tree",
        "nixpkgs": [
          "nixpkgs"
        ]
      },
      "locked": {
        "lastModified": 1790906035,
        "narHash": "sha256-vm4L53HhusiXnXpzXkFxyOseKQ88pNWJIyBSjHjKWfQ=",
        "owner": "sini",
        "repo": "gen",
        "rev": "9159aea03583bef6d4c721cb2447ac1101d54f0b",
        "type": "github"
      },
      "original": {
        "owner": "sini",
        "repo": "gen",
        "type": "github"
      }
    },
    "gen-algebra": {
      "locked": {
        "lastModified": 1790902148,
        "narHash": "sha256-vT2Zp60Y01Ky/+ZQvCsmkIOHlqfdNN4NJjc3icGdYko=",
        "owner": "sini",
        "repo": "gen-algebra",
        "rev": "6534ab332c9a3d3185098eebfbd913e4664342b7",
        "type": "github"
      },
      "original": {
        "owner": "sini",
        "repo": "gen-algebra",
        "type": "github"
      }
    },
    "gen-aspects": {
      "inputs": {
        "gen-identity": [
          "gen",
          "gen-identity"
        ],
        "gen-merge": [
          "gen",
          "gen-merge"
        ],
        "gen-prelude": [
          "gen",
          "gen-prelude"
        ],
        "gen-schema": [
          "gen",
          "gen-schema"
        ]
      },
      "locked": {
        "lastModified": 1790904933,
        "narHash": "sha256-S26djJUdQC7SagZYCiMKIJUJe3GYe8+MZ87U7ZzQ3Dg=",
        "owner": "sini",
        "repo": "gen-aspects",
        "rev": "357249b070b56bee68d2f2b8a563c8ec8c238bdc",
        "type": "github"
      },
      "original": {
        "owner": "sini",
        "repo": "gen-aspects",
        "type": "github"
      }
    },
    "gen-assemble": {
      "inputs": {
        "gen-algebra": [
          "gen",
          "gen-algebra"
        ],
        "gen-prelude": [
          "gen",
          "gen-prelude"
        ],
        "gen-scope": [
          "gen",
          "gen-scope"
        ]
      },
      "locked": {
        "lastModified": 1790902419,
        "narHash": "sha256-gsU8pDOERhv6FM2kL2JAyiPZNPoxSAIrgMqaPQK6nFI=",
        "owner": "sini",
        "repo": "gen-assemble",
        "rev": "a9eba9a000617ee48457683e40ad6f32f696b408",
        "type": "github"
      },
      "original": {
        "owner": "sini",
        "repo": "gen-assemble",
        "type": "github"
      }
    },
    "gen-bind": {
      "inputs": {
        "gen-graph": [
          "gen",
          "gen-graph"
        ],
        "gen-prelude": [
          "gen",
          "gen-prelude"
        ]
      },
      "locked": {
        "lastModified": 1790905083,
        "narHash": "sha256-PmVUT0JOSPASSb89ITR7BO9gmbeyGCbIGJ7hDTSXU2A=",
        "owner": "sini",
        "repo": "gen-bind",
        "rev": "bda04e2dc96494c106b422dde8a2d3e51c4c0ee4",
        "type": "github"
      },
      "original": {
        "owner": "sini",
        "repo": "gen-bind",
        "type": "github"
      }
    },
    "gen-class": {
      "inputs": {
        "gen-merge": [
          "gen",
          "gen-merge"
        ],
        "gen-prelude": [
          "gen",
          "gen-prelude"
        ]
      },
      "locked": {
        "lastModified": 1790904751,
        "narHash": "sha256-2o0n0disnIQLIQRbKJKk7hvfmBoFL488FhQj7/gK5uc=",
        "owner": "sini",
        "repo": "gen-class",
        "rev": "440772949c23addccc36ac5218ae8249ac8b668c",
        "type": "github"
      },
      "original": {
        "owner": "sini",
        "repo": "gen-class",
        "type": "github"
      }
    },
    "gen-delivery": {
      "inputs": {
        "gen-algebra": [
          "gen",
          "gen-algebra"
        ],
        "gen-aspects": [
          "gen",
          "gen-aspects"
        ],
        "gen-prelude": [
          "gen",
          "gen-prelude"
        ]
      },
      "locked": {
        "lastModified": 1790904993,
        "narHash": "sha256-UsuNO6boyKvd2SU4EaS2SQl6CDxeGbShOACandgHVo4=",
        "owner": "sini",
        "repo": "gen-delivery",
        "rev": "c5384f469ad3da402be1d4a5b632de77a1500422",
        "type": "github"
      },
      "original": {
        "owner": "sini",
        "repo": "gen-delivery",
        "type": "github"
      }
    },
    "gen-dispatch": {
      "inputs": {
        "gen-prelude": [
          "gen",
          "gen-prelude"
        ]
      },
      "locked": {
        "lastModified": 1790904986,
        "narHash": "sha256-oRYcRUhB7Rxpu/RQZMTQQKgC99dS2quGBM+3JpZSBks=",
        "owner": "sini",
        "repo": "gen-dispatch",
        "rev": "8f48d98cf53a1d7f6c56e19a5fec10e135e9612b",
        "type": "github"
      },
      "original": {
        "owner": "sini",
        "repo": "gen-dispatch",
        "type": "github"
      }
    },
    "gen-graph": {
      "inputs": {
        "gen-prelude": [
          "gen",
          "gen-prelude"
        ]
      },
      "locked": {
        "lastModified": 1790902194,
        "narHash": "sha256-y7UFELdzN+euEG3RBBHWWZ5feupFllICqss0xN8Ra8s=",
        "owner": "sini",
        "repo": "gen-graph",
        "rev": "cd36400eb2875c8195775a849edaeeaaed0ba226",
        "type": "github"
      },
      "original": {
        "owner": "sini",
        "repo": "gen-graph",
        "type": "github"
      }
    },
    "gen-identity": {
      "locked": {
        "lastModified": 1790902094,
        "narHash": "sha256-EPlPgOO6fByk5MGmApwCfxAJf+MGlSppH4c+tpOns5k=",
        "owner": "sini",
        "repo": "gen-identity",
        "rev": "05cc8171b82328799731dbfee5ef36838d910761",
        "type": "github"
      },
      "original": {
        "owner": "sini",
        "repo": "gen-identity",
        "type": "github"
      }
    },
    "gen-inspect": {
      "inputs": {
        "gen-graph": [
          "gen",
          "gen-graph"
        ],
        "gen-prelude": [
          "gen",
          "gen-prelude"
        ],
        "gen-program": [
          "gen",
          "gen-program"
        ],
        "gen-scope": [
          "gen",
          "gen-scope"
        ],
        "gen-select": [
          "gen",
          "gen-select"
        ]
      },
      "locked": {
        "lastModified": 1790905020,
        "narHash": "sha256-ct2MdHPfdVYJR3Fn24ZyTXJsYO6hiGCFjOvVc2/CwiY=",
        "owner": "sini",
        "repo": "gen-inspect",
        "rev": "3d58f7661ebe99840d23a6a1913cf922f337aa86",
        "type": "github"
      },
      "original": {
        "owner": "sini",
        "repo": "gen-inspect",
        "type": "github"
      }
    },
    "gen-link": {
      "inputs": {
        "gen-algebra": [
          "gen",
          "gen-algebra"
        ],
        "gen-aspects": [
          "gen",
          "gen-aspects"
        ],
        "gen-identity": [
          "gen",
          "gen-identity"
        ],
        "gen-prelude": [
          "gen",
          "gen-prelude"
        ],
        "gen-schema": [
          "gen",
          "gen-schema"
        ],
        "gen-scope": [
          "gen",
          "gen-scope"
        ],
        "gen-view": [
          "gen",
          "gen-view"
        ]
      },
      "locked": {
        "lastModified": 1790905026,
        "narHash": "sha256-oekR5JKPohMDWWD6zxW4uYNU+rgQqqGkcna/f7ka570=",
        "owner": "sini",
        "repo": "gen-link",
        "rev": "15e65307fd5992bc122afc5ad4b9f2ac902a870b",
        "type": "github"
      },
      "original": {
        "owner": "sini",
        "repo": "gen-link",
        "type": "github"
      }
    },
    "gen-memo": {
      "inputs": {
        "gen-graph": [
          "gen",
          "gen-graph"
        ],
        "gen-prelude": [
          "gen",
          "gen-prelude"
        ]
      },
      "locked": {
        "lastModified": 1790904196,
        "narHash": "sha256-2DAmqz+myZxRkGJTBPjZmZZMkkI6ixTAhYpBkwTUsas=",
        "owner": "sini",
        "repo": "gen-memo",
        "rev": "0606bd170222e17bcc7a0e709b303a03a2608ebd",
        "type": "github"
      },
      "original": {
        "owner": "sini",
        "repo": "gen-memo",
        "type": "github"
      }
    },
    "gen-merge": {
      "inputs": {
        "gen-memo": [
          "gen",
          "gen-memo"
        ],
        "gen-prelude": [
          "gen",
          "gen-prelude"
        ],
        "gen-scope": [
          "gen",
          "gen-scope"
        ],
        "gen-types": [
          "gen",
          "gen-types"
        ]
      },
      "locked": {
        "lastModified": 1790904699,
        "narHash": "sha256-82mFrz93H1CLC9JU1LlVeckuO+xo5485zVDL/zj3sVQ=",
        "owner": "sini",
        "repo": "gen-merge",
        "rev": "c2405e049a6b5c2ad84546f0d3f25757d075f88c",
        "type": "github"
      },
      "original": {
        "owner": "sini",
        "repo": "gen-merge",
        "type": "github"
      }
    },
    "gen-prelude": {
      "locked": {
        "lastModified": 1790902094,
        "narHash": "sha256-mWJvBntjKazM5fvpK7Y5TwtWQIwe0nvPo1h+GnvdTrA=",
        "owner": "sini",
        "repo": "gen-prelude",
        "rev": "b2962cb6ec6fade22db63a4d78e55cbf718e2801",
        "type": "github"
      },
      "original": {
        "owner": "sini",
        "repo": "gen-prelude",
        "type": "github"
      }
    },
    "gen-product": {
      "inputs": {
        "gen-prelude": [
          "gen",
          "gen-prelude"
        ]
      },
      "locked": {
        "lastModified": 1790902240,
        "narHash": "sha256-dF0uco3h7cm3e0d5cugUA2PEw0tHI3ImB/z82JVcNgE=",
        "owner": "sini",
        "repo": "gen-product",
        "rev": "e800299515e19977c5f80049fedf555bacb6dd16",
        "type": "github"
      },
      "original": {
        "owner": "sini",
        "repo": "gen-product",
        "type": "github"
      }
    },
    "gen-program": {
      "inputs": {
        "gen-prelude": [
          "gen",
          "gen-prelude"
        ],
        "gen-scope": [
          "gen",
          "gen-scope"
        ]
      },
      "locked": {
        "lastModified": 1790902388,
        "narHash": "sha256-GEvI205fAw1b2KAOK0NldTAz6EbIor/dCgXm6mTLtec=",
        "owner": "sini",
        "repo": "gen-program",
        "rev": "c913d05ec9725617a3751c07a38f515a1b5abdc3",
        "type": "github"
      },
      "original": {
        "owner": "sini",
        "repo": "gen-program",
        "type": "github"
      }
    },
    "gen-schema": {
      "inputs": {
        "gen-algebra": [
          "gen",
          "gen-algebra"
        ],
        "gen-graph": [
          "gen",
          "gen-graph"
        ],
        "gen-identity": [
          "gen",
          "gen-identity"
        ],
        "gen-merge": [
          "gen",
          "gen-merge"
        ],
        "gen-prelude": [
          "gen",
          "gen-prelude"
        ]
      },
      "locked": {
        "lastModified": 1790904813,
        "narHash": "sha256-L+o7sLIYH98nFrqXh+QX5MJvpKEyJUOSwNGRUEvTTUk=",
        "owner": "sini",
        "repo": "gen-schema",
        "rev": "9031968bcbd32208fcc9b0035d839e94a6bdfd14",
        "type": "github"
      },
      "original": {
        "owner": "sini",
        "repo": "gen-schema",
        "type": "github"
      }
    },
    "gen-scope": {
      "inputs": {
        "gen-graph": [
          "gen",
          "gen-graph"
        ],
        "gen-identity": [
          "gen",
          "gen-identity"
        ],
        "gen-prelude": [
          "gen",
          "gen-prelude"
        ]
      },
      "locked": {
        "lastModified": 1790902338,
        "narHash": "sha256-/BLXCYfpvnykVGAuy1Tvpc6zZEQfQzWDU5s2G2J9pH8=",
        "owner": "sini",
        "repo": "gen-scope",
        "rev": "5afbb0f76fa9b27c1ace196d35af5ff11d949839",
        "type": "github"
      },
      "original": {
        "owner": "sini",
        "repo": "gen-scope",
        "type": "github"
      }
    },
    "gen-select": {
      "inputs": {
        "gen-algebra": [
          "gen",
          "gen-algebra"
        ]
      },
      "locked": {
        "lastModified": 1790904877,
        "narHash": "sha256-ixaNaYR+TSeBTRyXXWBXSx5tfR1EyqlIdKOH64K814M=",
        "owner": "sini",
        "repo": "gen-select",
        "rev": "2a11f025357a8a760993f859a6b8562c0c98604d",
        "type": "github"
      },
      "original": {
        "owner": "sini",
        "repo": "gen-select",
        "type": "github"
      }
    },
    "gen-settings": {
      "inputs": {
        "gen-algebra": [
          "gen",
          "gen-algebra"
        ],
        "gen-bind": [
          "gen",
          "gen-bind"
        ],
        "gen-graph": [
          "gen",
          "gen-graph"
        ],
        "gen-identity": [
          "gen",
          "gen-identity"
        ],
        "gen-prelude": [
          "gen",
          "gen-prelude"
        ],
        "gen-schema": [
          "gen",
          "gen-schema"
        ],
        "gen-types": [
          "gen",
          "gen-types"
        ]
      },
      "locked": {
        "lastModified": 1790905147,
        "narHash": "sha256-noGNMRCPgGDESY/F0oLlKpUtbKXgFbmQaFgsDpfgG8Q=",
        "owner": "sini",
        "repo": "gen-settings",
        "rev": "1d91e89603657531de15b854677e1f16fb776a51",
        "type": "github"
      },
      "original": {
        "owner": "sini",
        "repo": "gen-settings",
        "type": "github"
      }
    },
    "gen-types": {
      "inputs": {
        "gen-identity": [
          "gen",
          "gen-identity"
        ],
        "gen-prelude": [
          "gen",
          "gen-prelude"
        ]
      },
      "locked": {
        "lastModified": 1790902148,
        "narHash": "sha256-oGiuwAkeg45ibFj7j4+G4Me0+TkcJHMsJ1fgfKVXhXc=",
        "owner": "sini",
        "repo": "gen-types",
        "rev": "818cc04b2989fa6914db5d4216875ca7876f91aa",
        "type": "github"
      },
      "original": {
        "owner": "sini",
        "repo": "gen-types",
        "type": "github"
      }
    },
    "gen-view": {
      "inputs": {
        "gen-graph": [
          "gen",
          "gen-graph"
        ],
        "gen-prelude": [
          "gen",
          "gen-prelude"
        ]
      },
      "locked": {
        "lastModified": 1790902394,
        "narHash": "sha256-QVA5r6x/b8zEG5PzWi0DzGyTYKxtgxraE3VYL9k56dI=",
        "owner": "sini",
        "repo": "gen-view",
        "rev": "357b7bb8ca106443bb0fd8a8f99cd80e5027759a",
        "type": "github"
      },
      "original": {
        "owner": "sini",
        "repo": "gen-view",
        "type": "github"
      }
    },
    "gnome-shell": {
      "flake": false,
      "locked": {
        "host": "gitlab.gnome.org",
        "lastModified": 1776175984,
        "narHash": "sha256-RJFlFW8GiMei6oqUGrMkGEvVqOH8U7Q8abc1yK4VKD8=",
        "owner": "GNOME",
        "repo": "gnome-shell",
        "rev": "e0fdc4c13250e9a9b8ea9594c83925274f4a5dca",
        "type": "gitlab"
      },
      "original": {
        "host": "gitlab.gnome.org",
        "owner": "GNOME",
        "ref": "50.1",
        "repo": "gnome-shell",
        "type": "gitlab"
      }
    },
    "home-manager": {
      "inputs": {
        "nixpkgs": [
          "nixpkgs"
        ]
      },
      "locked": {
        "lastModified": 1790883051,
        "narHash": "sha256-g84X5VU81CZAgY7Q0m1RrdvwNIoFd4UzKG9YaORuRFE=",
        "owner": "nix-community",
        "repo": "home-manager",
        "rev": "d85475546a5f6696233bba981933e2227a584047",
        "type": "github"
      },
      "original": {
        "owner": "nix-community",
        "repo": "home-manager",
        "type": "github"
      }
    },
    "home-manager_2": {
      "inputs": {
        "nixpkgs": [
          "nix-pkgs",
          "nixpkgs"
        ]
      },
      "locked": {
        "lastModified": 1790883051,
        "narHash": "sha256-g84X5VU81CZAgY7Q0m1RrdvwNIoFd4UzKG9YaORuRFE=",
        "owner": "nix-community",
        "repo": "home-manager",
        "rev": "d85475546a5f6696233bba981933e2227a584047",
        "type": "github"
      },
      "original": {
        "owner": "nix-community",
        "repo": "home-manager",
        "type": "github"
      }
    },
    "import-tree": {
      "locked": {
        "lastModified": 1783029876,
        "narHash": "sha256-iI88R3wHz8wTKQb5orvpc51L/Xr64AJyxid/0MKa/b8=",
        "owner": "denful",
        "repo": "import-tree",
        "rev": "a164a12202f58eb67559bd33b5592f20660d9baf",
        "type": "github"
      },
      "original": {
        "owner": "denful",
        "repo": "import-tree",
        "rev": "a164a12202f58eb67559bd33b5592f20660d9baf",
        "type": "github"
      }
    },
    "import-tree_2": {
      "locked": {
        "lastModified": 1788467110,
        "narHash": "sha256-ljEMTXP/rH0tOvDzc9gzwww6KcHRPRnEHzd9lK48V7s=",
        "owner": "vic",
        "repo": "import-tree",
        "rev": "eb1b52eaecc57f7c136d07ae8a93e724dfecac46",
        "type": "github"
      },
      "original": {
        "owner": "vic",
        "repo": "import-tree",
        "type": "github"
      }
    },
    "lazyvim": {
      "inputs": {
        "flake-utils": "flake-utils",
        "nixpkgs": [
          "nixpkgs"
        ]
      },
      "locked": {
        "lastModified": 1788971242,
        "narHash": "sha256-XGWQ4CtmuRH+4NijKC5OlMMd32Au7plsIaiaCWuM4to=",
        "owner": "pfassina",
        "repo": "lazyvim-nix",
        "rev": "21893371738a6734c2a8ca455d92d57cc8accf83",
        "type": "github"
      },
      "original": {
        "owner": "pfassina",
        "repo": "lazyvim-nix",
        "type": "github"
      }
    },
    "nix-cache": {
      "inputs": {
        "nixpkgs": [
          "nixpkgs"
        ]
      },
      "locked": {
        "lastModified": 1790758653,
        "narHash": "sha256-L/Xyo2Fbpmk1Ys73vQgqgwWwFYZ4BIkZivGobVW37Qs=",
        "owner": "divyam234",
        "repo": "nix-cache",
        "rev": "f80ee56de80ed15dfb77372cbf55970cfd963810",
        "type": "github"
      },
      "original": {
        "owner": "divyam234",
        "repo": "nix-cache",
        "type": "github"
      }
    },
    "nix-pkgs": {
      "inputs": {
        "home-manager": "home-manager_2",
        "nixpkgs": [
          "nixpkgs"
        ]
      },
      "locked": {
        "lastModified": 1790905555,
        "narHash": "sha256-mpQiWc0LBgmI6/r65U5xRXOJslky4boJkUHKMigou+I=",
        "owner": "divyam234",
        "repo": "nix-pkgs",
        "rev": "9c4c6f46ea87ef1397eba2073dfbe7fdcbf15130",
        "type": "github"
      },
      "original": {
        "owner": "divyam234",
        "repo": "nix-pkgs",
        "type": "github"
      }
    },
    "nixos-facter-modules": {
      "locked": {
        "lastModified": 1773858690,
        "narHash": "sha256-oW0/lC0oRG5H5LaK6Rmh9L1wmkn9TbenM4bXwnIEDKA=",
        "owner": "numtide",
        "repo": "nixos-facter-modules",
        "rev": "139dcef4dfc97009629c445806f197883351ab4a",
        "type": "github"
      },
      "original": {
        "owner": "numtide",
        "repo": "nixos-facter-modules",
        "type": "github"
      }
    },
    "nixpkgs": {
      "locked": {
        "lastModified": 1790505892,
        "narHash": "sha256-/pAz2XfqHS//WRn2xRjoqes7Z92qZ0Q1gufZZ3PtuwA=",
        "owner": "NixOS",
        "repo": "nixpkgs",
        "rev": "545c226a9af7f59fba5c3873f7c6a65e014c8f5f",
        "type": "github"
      },
      "original": {
        "owner": "NixOS",
        "ref": "nixos-unstable-small",
        "repo": "nixpkgs",
        "type": "github"
      }
    },
    "nixpkgs-lib": {
      "locked": {
        "lastModified": 1788057806,
        "narHash": "sha256-DTQSMxzDWmT0zhguthvegnVkn7CFqGCv4IHCzk5ZUpM=",
        "owner": "nix-community",
        "repo": "nixpkgs.lib",
        "rev": "596e2e3940e09b2abbeb03f75fa1828c57fcd72c",
        "type": "github"
      },
      "original": {
        "owner": "nix-community",
        "repo": "nixpkgs.lib",
        "type": "github"
      }
    },
    "nixpkgs_2": {
      "locked": {
        "lastModified": 1790822859,
        "narHash": "sha256-69xHQhAeMAD2wDXO7T2pcOZIF9Sga2W+JkmY2a11Ops=",
        "owner": "nixos",
        "repo": "nixpkgs",
        "rev": "c59305bab2065cfecc4944690d9eedbb56f3a9fa",
        "type": "github"
      },
      "original": {
        "owner": "nixos",
        "ref": "nixos-unstable",
        "repo": "nixpkgs",
        "type": "github"
      }
    },
    "nur": {
      "inputs": {
        "flake-parts": [
          "stylix",
          "flake-parts"
        ],
        "nixpkgs": [
          "stylix",
          "nixpkgs"
        ]
      },
      "locked": {
        "lastModified": 1785549842,
        "narHash": "sha256-DCwBZmGsySF7oKGTRgEv2HvpxVXkHT+38VhTM76k0B4=",
        "owner": "nix-community",
        "repo": "NUR",
        "rev": "a9f987b57594e845e3e5cdd423b9a70846d70308",
        "type": "github"
      },
      "original": {
        "owner": "nix-community",
        "repo": "NUR",
        "type": "github"
      }
    },
    "quadlet-nix": {
      "locked": {
        "lastModified": 1790641475,
        "narHash": "sha256-G/priWdc/7y1Fogok9rn6WS4KhbYpTr2B2PwSMt3ekA=",
        "owner": "SEIAROTg",
        "repo": "quadlet-nix",
        "rev": "db3af9df6943692c78cf9a05e3bfeb7d82e94cf3",
        "type": "github"
      },
      "original": {
        "owner": "SEIAROTg",
        "repo": "quadlet-nix",
        "type": "github"
      }
    },
    "root": {
      "inputs": {
        "cachyos-kernel": "cachyos-kernel",
        "den": "den",
        "disko": "disko",
        "flake-file": "flake-file",
        "flake-parts": "flake-parts_2",
        "gen": "gen",
        "home-manager": "home-manager",
        "import-tree": "import-tree_2",
        "lazyvim": "lazyvim",
        "nix-cache": "nix-cache",
        "nix-pkgs": "nix-pkgs",
        "nixos-facter-modules": "nixos-facter-modules",
        "nixpkgs": "nixpkgs_2",
        "quadlet-nix": "quadlet-nix",
        "rust-overlay": "rust-overlay",
        "sonora": "sonora",
        "sops-nix": "sops-nix",
        "stylix": "stylix",
        "tinted-sublime-text": "tinted-sublime-text",
        "umbriel": "umbriel"
      }
    },
    "rust-overlay": {
      "inputs": {
        "nixpkgs": [
          "nixpkgs"
        ]
      },
      "locked": {
        "lastModified": 1790882220,
        "narHash": "sha256-n+rcrZkqos6/HY2iSJsVsJw3Q4mB9XEquYpus97iOi4=",
        "owner": "oxalica",
        "repo": "rust-overlay",
        "rev": "dcee1adabb61484343af863501d2e3d91ef51f72",
        "type": "github"
      },
      "original": {
        "owner": "oxalica",
        "repo": "rust-overlay",
        "type": "github"
      }
    },
    "sonora": {
      "inputs": {
        "nixpkgs": [
          "nixpkgs"
        ],
        "rust-overlay": [
          "rust-overlay"
        ]
      },
      "locked": {
        "lastModified": 1790784366,
        "narHash": "sha256-SIadJLVqmSGTwdNkOyX5Ay/y9VQkkpUUhgCoDtuObRU=",
        "owner": "sonorahq",
        "repo": "sonora",
        "rev": "fbd893b94e34e7e1fe2ace52e1b799124e3e164c",
        "type": "github"
      },
      "original": {
        "owner": "sonorahq",
        "repo": "sonora",
        "type": "github"
      }
    },
    "sops-nix": {
      "inputs": {
        "nixpkgs": [
          "nixpkgs"
        ]
      },
      "locked": {
        "lastModified": 1790498116,
        "narHash": "sha256-rs9meAYxW3zzrh43yaW7htrqCD+X9+pupDPHN86fumI=",
        "owner": "Mic92",
        "repo": "sops-nix",
        "rev": "5efb5a6f4f5ab192817d28557dd4d650fa14d866",
        "type": "github"
      },
      "original": {
        "owner": "Mic92",
        "repo": "sops-nix",
        "type": "github"
      }
    },
    "stylix": {
      "inputs": {
        "base16": "base16",
        "base16-fish": "base16-fish",
        "base16-helix": "base16-helix",
        "base16-vim": "base16-vim",
        "firefox-gnome-theme": "firefox-gnome-theme",
        "flake-parts": "flake-parts_3",
        "gnome-shell": "gnome-shell",
        "nixpkgs": [
          "nixpkgs"
        ],
        "nur": "nur",
        "systems": "systems_2",
        "tinted-kitty": "tinted-kitty",
        "tinted-schemes": "tinted-schemes",
        "tinted-tmux": "tinted-tmux",
        "tinted-zed": "tinted-zed"
      },
      "locked": {
        "lastModified": 1790880877,
        "narHash": "sha256-j42XqSKOAtuqtfHiElyHre2YS/h3Y3q1DjFnKODN1/k=",
        "owner": "nix-community",
        "repo": "stylix",
        "rev": "7c065d1ed05381fceb2403b963c5ad150f32fe39",
        "type": "github"
      },
      "original": {
        "owner": "nix-community",
        "repo": "stylix",
        "type": "github"
      }
    },
    "systems": {
      "locked": {
        "lastModified": 1681028828,
        "narHash": "sha256-Vy1rq5AaRuLzOxct8nz4T6wlgyUR7zLU309k9mBC768=",
        "owner": "nix-systems",
        "repo": "default",
        "rev": "da67096a3b9bf56a91d16901293e51ba5b49a27e",
        "type": "github"
      },
      "original": {
        "owner": "nix-systems",
        "repo": "default",
        "type": "github"
      }
    },
    "systems_2": {
      "locked": {
        "lastModified": 1774449309,
        "narHash": "sha256-brhZ8DmuGtzkCYHJg4HEd602amKm89Y9ytsFZ5uWD1w=",
        "owner": "nix-systems",
        "repo": "default",
        "rev": "c29398b59d2048c4ab79345812849c9bd15e9150",
        "type": "github"
      },
      "original": {
        "owner": "nix-systems",
        "ref": "future-26.11",
        "repo": "default",
        "type": "github"
      }
    },
    "tinted-kitty": {
      "flake": false,
      "locked": {
        "lastModified": 1735730497,
        "narHash": "sha256-4KtB+FiUzIeK/4aHCKce3V9HwRvYaxX+F1edUrfgzb8=",
        "owner": "tinted-theming",
        "repo": "tinted-kitty",
        "rev": "de6f888497f2c6b2279361bfc790f164bfd0f3fa",
        "type": "github"
      },
      "original": {
        "owner": "tinted-theming",
        "repo": "tinted-kitty",
        "type": "github"
      }
    },
    "tinted-schemes": {
      "flake": false,
      "locked": {
        "lastModified": 1785153830,
        "narHash": "sha256-fNdfCTeCXU3tZG3TMincd+u68qBHQgCr2Ljr/M1mWP0=",
        "owner": "tinted-theming",
        "repo": "schemes",
        "rev": "9bd28ed313560db3c5b605c63bc4e309e78e3fc8",
        "type": "github"
      },
      "original": {
        "owner": "tinted-theming",
        "repo": "schemes",
        "type": "github"
      }
    },
    "tinted-sublime-text": {
      "flake": false,
      "locked": {
        "lastModified": 1790479774,
        "narHash": "sha256-crGsvJiuNWpjiaRuQbkwdTCsDkYO5V+blLi5g0YKYpY=",
        "owner": "tinted-theming",
        "repo": "tinted-sublime-text",
        "rev": "0fc4faec05ad997979bad10ecb7f77da5c857f7a",
        "type": "github"
      },
      "original": {
        "owner": "tinted-theming",
        "repo": "tinted-sublime-text",
        "type": "github"
      }
    },
    "tinted-tmux": {
      "flake": false,
      "locked": {
        "lastModified": 1785031658,
        "narHash": "sha256-mZp9O2LjzdMzlqQF3l3fjqsuPBzXy+1qTfBEUGjTlpk=",
        "owner": "tinted-theming",
        "repo": "tinted-tmux",
        "rev": "5d2c67f61ea7af36f16865ab6d541cdba41dc257",
        "type": "github"
      },
      "original": {
        "owner": "tinted-theming",
        "repo": "tinted-tmux",
        "type": "github"
      }
    },
    "tinted-zed": {
      "flake": false,
      "locked": {
        "lastModified": 1785030526,
        "narHash": "sha256-klZf8UviewRkxuu74Bhbq6tqy7oxebQC7UVRWbbtQxU=",
        "owner": "tinted-theming",
        "repo": "base16-zed",
        "rev": "16f5a8adf4a6b1310d0a61ab172de963e8f76a02",
        "type": "github"
      },
      "original": {
        "owner": "tinted-theming",
        "repo": "base16-zed",
        "type": "github"
      }
    },
    "umbriel": {
      "inputs": {
        "nixpkgs": [
          "nixpkgs"
        ],
        "xdg-desktop-portal-umbriel": "xdg-desktop-portal-umbriel"
      },
      "locked": {
        "lastModified": 1790904743,
        "narHash": "sha256-l3Wc76KowxtScqFhdtxPdtvcHGwcpl04I025CV72oGw=",
        "owner": "noctalia-dev",
        "repo": "umbriel",
        "rev": "ec677ac89d423a148b220d74fc779c05bb7a9883",
        "type": "github"
      },
      "original": {
        "owner": "noctalia-dev",
        "repo": "umbriel",
        "type": "github"
      }
    },
    "xdg-desktop-portal-umbriel": {
      "inputs": {
        "nixpkgs": [
          "umbriel",
          "nixpkgs"
        ]
      },
      "locked": {
        "lastModified": 1790459405,
        "narHash": "sha256-xDnu9icpormkETOo8Vn2Qr7Jkrz9ZqRf/jOhqADeeyg=",
        "owner": "noctalia-dev",
        "repo": "xdg-desktop-portal-umbriel",
        "rev": "d6bd72cabd83e3084fb2f2e24898d8ffa4a8c24f",
        "type": "github"
      },
      "original": {
        "owner": "noctalia-dev",
        "repo": "xdg-desktop-portal-umbriel",
        "type": "github"
      }
    }
  },
  "root": "root",
  "version": 7
}
