name: Update flake lock

on:
  schedule:
    - cron: "17 4 * * *"
  workflow_dispatch:

permissions:
  contents: write

concurrency:
  group: update-flake-lock
  cancel-in-progress: true

jobs:
  update:
    runs-on: ubuntu-latest
    steps:
      - name: Check out repository
        uses: actions/checkout@v7
        with:
          ref: main

      - name: Install Nix
        uses: DeterminateSystems/determinate-nix-action@v3

      - name: Update flake inputs
        run: nix flake update

      - name: Commit and push lock file
        run: |
          if git diff --quiet -- flake.lock; then
            echo "flake.lock is already up to date"
            exit 0
          fi

          git config user.name "github-actions[bot]"
          git config user.email "41898282+github-actions[bot]@users.noreply.github.com"
          git add flake.lock
          git commit -m "chore: update flake inputs"
          git push origin HEAD:main
